
Microsoft Visual Studio Solution File, Format Version 12.00
# Visual Studio 2012
Project("{FAE04EC0-301F-11D3-BF4B-00C04F79EFBC}") = "removing vowels", "removing vowels\removing vowels.csproj", "{C081F737-E7C5-4354-ABF2-332B375AB7D3}"
EndProject
Global
	GlobalSection(SolutionConfigurationPlatforms) = preSolution
		Debug|Any CPU = Debug|Any CPU
		Release|Any CPU = Release|Any CPU
	EndGlobalSection
	GlobalSection(ProjectConfigurationPlatforms) = postSolution
		{C081F737-E7C5-4354-ABF2-332B375AB7D3}.Debug|Any CPU.ActiveCfg = Debug|Any CPU
		{C081F737-E7C5-4354-ABF2-332B375AB7D3}.Debug|Any CPU.Build.0 = Debug|Any CPU
		{C081F737-E7C5-4354-ABF2-332B375AB7D3}.Release|Any CPU.ActiveCfg = Release|Any CPU
		{C081F737-E7C5-4354-ABF2-332B375AB7D3}.Release|Any CPU.Build.0 = Release|Any CPU
	EndGlobalSection
	GlobalSection(SolutionProperties) = preSolution
		HideSolutionNode = FALSE
	EndGlobalSection
EndGlobal
